
Microsoft Visual Studio Solution File, Format Version 12.00
# Visual Studio Version 17
VisualStudioVersion = 17.5.33424.131
MinimumVisualStudioVersion = 10.0.40219.1
Project("{8BC9CEB8-8B4A-11D0-8D11-00A0C91BC942}") = "PhysicsEngine", "PhysicsEngine\PhysicsEngine.vcxproj", "{FF4354E3-88C7-4306-8E33-6FF523468F97}"
EndProject
Project("{8BC9CEB8-8B4A-11D0-8D11-00A0C91BC942}") = "MathEngine", "MathEngine\MathEngine.vcxproj", "{3A90C25F-CD46-4B6B-9BB1-65AE9DF46C50}"
EndProject
Project("{2150E333-8FDC-42A3-9474-1A3956D46DE8}") = "외부 프로젝트", "외부 프로젝트", "{3BB7D1EA-8AB3-4C1F-9612-E5CF014A1F0C}"
EndProject
Project("{8BC9CEB8-8B4A-11D0-8D11-00A0C91BC942}") = "DirectY", "DirectY\DirectY.vcxproj", "{4B4C3ABF-7223-4BF4-9A74-383CF7203D65}"
EndProject
Global
	GlobalSection(SolutionConfigurationPlatforms) = preSolution
		Debug|x64 = Debug|x64
		Debug|x86 = Debug|x86
		Release|x64 = Release|x64
		Release|x86 = Release|x86
	EndGlobalSection
	GlobalSection(ProjectConfigurationPlatforms) = postSolution
		{FF4354E3-88C7-4306-8E33-6FF523468F97}.Debug|x64.ActiveCfg = Debug|x64
		{FF4354E3-88C7-4306-8E33-6FF523468F97}.Debug|x64.Build.0 = Debug|x64
		{FF4354E3-88C7-4306-8E33-6FF523468F97}.Debug|x86.ActiveCfg = Debug|Win32
		{FF4354E3-88C7-4306-8E33-6FF523468F97}.Debug|x86.Build.0 = Debug|Win32
		{FF4354E3-88C7-4306-8E33-6FF523468F97}.Release|x64.ActiveCfg = Release|x64
		{FF4354E3-88C7-4306-8E33-6FF523468F97}.Release|x64.Build.0 = Release|x64
		{FF4354E3-88C7-4306-8E33-6FF523468F97}.Release|x86.ActiveCfg = Release|Win32
		{FF4354E3-88C7-4306-8E33-6FF523468F97}.Release|x86.Build.0 = Release|Win32
		{3A90C25F-CD46-4B6B-9BB1-65AE9DF46C50}.Debug|x64.ActiveCfg = Debug|x64
		{3A90C25F-CD46-4B6B-9BB1-65AE9DF46C50}.Debug|x64.Build.0 = Debug|x64
		{3A90C25F-CD46-4B6B-9BB1-65AE9DF46C50}.Debug|x86.ActiveCfg = Debug|Win32
		{3A90C25F-CD46-4B6B-9BB1-65AE9DF46C50}.Debug|x86.Build.0 = Debug|Win32
		{3A90C25F-CD46-4B6B-9BB1-65AE9DF46C50}.Release|x64.ActiveCfg = Release|x64
		{3A90C25F-CD46-4B6B-9BB1-65AE9DF46C50}.Release|x64.Build.0 = Release|x64
		{3A90C25F-CD46-4B6B-9BB1-65AE9DF46C50}.Release|x86.ActiveCfg = Release|Win32
		{3A90C25F-CD46-4B6B-9BB1-65AE9DF46C50}.Release|x86.Build.0 = Release|Win32
		{4B4C3ABF-7223-4BF4-9A74-383CF7203D65}.Debug|x64.ActiveCfg = Debug|x64
		{4B4C3ABF-7223-4BF4-9A74-383CF7203D65}.Debug|x64.Build.0 = Debug|x64
		{4B4C3ABF-7223-4BF4-9A74-383CF7203D65}.Debug|x86.ActiveCfg = Debug|Win32
		{4B4C3ABF-7223-4BF4-9A74-383CF7203D65}.Debug|x86.Build.0 = Debug|Win32
		{4B4C3ABF-7223-4BF4-9A74-383CF7203D65}.Release|x64.ActiveCfg = Release|x64
		{4B4C3ABF-7223-4BF4-9A74-383CF7203D65}.Release|x64.Build.0 = Release|x64
		{4B4C3ABF-7223-4BF4-9A74-383CF7203D65}.Release|x86.ActiveCfg = Release|Win32
		{4B4C3ABF-7223-4BF4-9A74-383CF7203D65}.Release|x86.Build.0 = Release|Win32
	EndGlobalSection
	GlobalSection(SolutionProperties) = preSolution
		HideSolutionNode = FALSE
	EndGlobalSection
	GlobalSection(NestedProjects) = preSolution
		{4B4C3ABF-7223-4BF4-9A74-383CF7203D65} = {3BB7D1EA-8AB3-4C1F-9612-E5CF014A1F0C}
	EndGlobalSection
	GlobalSection(ExtensibilityGlobals) = postSolution
		SolutionGuid = {25AA70E4-737B-4523-B2E1-6F7CD609C349}
	EndGlobalSection
EndGlobal
